
Microsoft Visual Studio Solution File, Format Version 12.00
# Visual Studio Version 16
VisualStudioVersion = 16.0.28729.10
MinimumVisualStudioVersion = 10.0.40219.1
Project("{FAE04EC0-301F-11D3-BF4B-00C04F79EFBC}") = "UmbracoBlue.Web", "UmbracoBlue.Web\UmbracoBlue.Web.csproj", "{E5733155-2D4F-4994-8E3A-5B21E1171748}"
EndProject
Project("{FAE04EC0-301F-11D3-BF4B-00C04F79EFBC}") = "UmbracoBlue.Core", "UmbracoBlue.Core\UmbracoBlue.Core.csproj", "{932A5C42-0700-44EC-A5EF-A91156584E1F}"
EndProject
Global
	GlobalSection(SolutionConfigurationPlatforms) = preSolution
		Debug|Any CPU = Debug|Any CPU
		Release|Any CPU = Release|Any CPU
	EndGlobalSection
	GlobalSection(ProjectConfigurationPlatforms) = postSolution
		{E5733155-2D4F-4994-8E3A-5B21E1171748}.Debug|Any CPU.ActiveCfg = Debug|Any CPU
		{E5733155-2D4F-4994-8E3A-5B21E1171748}.Debug|Any CPU.Build.0 = Debug|Any CPU
		{E5733155-2D4F-4994-8E3A-5B21E1171748}.Release|Any CPU.ActiveCfg = Release|Any CPU
		{E5733155-2D4F-4994-8E3A-5B21E1171748}.Release|Any CPU.Build.0 = Release|Any CPU
		{932A5C42-0700-44EC-A5EF-A91156584E1F}.Debug|Any CPU.ActiveCfg = Debug|Any CPU
		{932A5C42-0700-44EC-A5EF-A91156584E1F}.Debug|Any CPU.Build.0 = Debug|Any CPU
		{932A5C42-0700-44EC-A5EF-A91156584E1F}.Release|Any CPU.ActiveCfg = Release|Any CPU
		{932A5C42-0700-44EC-A5EF-A91156584E1F}.Release|Any CPU.Build.0 = Release|Any CPU
	EndGlobalSection
	GlobalSection(SolutionProperties) = preSolution
		HideSolutionNode = FALSE
	EndGlobalSection
	GlobalSection(ExtensibilityGlobals) = postSolution
		SolutionGuid = {6920C31D-4F00-4A49-9A10-CE33190491AC}
	EndGlobalSection
EndGlobal
